{
  "name": "cap-converter",
  "version": "1.0.1",
  "lockfileVersion": 3,
  "requires": true,
  "packages": {
    "": {
      "name": "cap-converter",
      "version": "1.0.1",
      "license": "ISC",
      "dependencies": {
        "cap-converter": "^1.0.1"
      }
    },
    "node_modules/cap-converter": {
      "version": "1.0.1",
      "resolved": "https://registry.npmjs.org/cap-converter/-/cap-converter-1.0.1.tgz",
      "integrity": "sha512-bJtnlWV4kuc0Xb1lg52URyqJvfZS0Dukl9Xft8KDpKKW6KMlKorW4wTyCl8d10q1JHBJYlvJgxU3DOLIYJmHzw=="
    }
  }
}
